// !$*UTF8*$!
{
	archiveVersion = 1;
	classes = {
	};
	objectVersion = 46;
	objects = {

/* Begin PBXBuildFile section */
		454817921D2089E80007EFC7 /* AppDelegate.swift in Sources */ = {isa = PBXBuildFile; fileRef = 454817911D2089E80007EFC7 /* AppDelegate.swift */; };
		454817941D2089E80007EFC7 /* GameScene.sks in Resources */ = {isa = PBXBuildFile; fileRef = 454817931D2089E80007EFC7 /* GameScene.sks */; };
		454817961D2089E80007EFC7 /* GameScene.swift in Sources */ = {isa = PBXBuildFile; fileRef = 454817951D2089E80007EFC7 /* GameScene.swift */; };
		454817981D2089E80007EFC7 /* GameViewController.swift in Sources */ = {isa = PBXBuildFile; fileRef = 454817971D2089E80007EFC7 /* GameViewController.swift */; };
		4548179B1D2089E80007EFC7 /* Main.storyboard in Resources */ = {isa = PBXBuildFile; fileRef = 454817991D2089E80007EFC7 /* Main.storyboard */; };
		4548179D1D2089E80007EFC7 /* Assets.xcassets in Resources */ = {isa = PBXBuildFile; fileRef = 4548179C1D2089E80007EFC7 /* Assets.xcassets */; };
		454817A01D2089E80007EFC7 /* LaunchScreen.storyboard in Resources */ = {isa = PBXBuildFile; fileRef = 4548179E1D2089E80007EFC7 /* LaunchScreen.storyboard */; };
		454817AB1D2089E80007EFC7 /* BounceTests.swift in Sources */ = {isa = PBXBuildFile; fileRef = 454817AA1D2089E80007EFC7 /* BounceTests.swift */; };
		454817B61D2089E80007EFC7 /* BounceUITests.swift in Sources */ = {isa = PBXBuildFile; fileRef = 454817B51D2089E80007EFC7 /* BounceUITests.swift */; };
/* End PBXBuildFile section */

/* Begin PBXContainerItemProxy section */
		454817A71D2089E80007EFC7 /* PBXContainerItemProxy */ = {
			isa = PBXContainerItemProxy;
			containerPortal = 454817861D2089E80007EFC7 /* Project object */;
			proxyType = 1;
			remoteGlobalIDString = 4548178D1D2089E80007EFC7;
			remoteInfo = Bounce;
		};
		454817B21D2089E80007EFC7 /* PBXContainerItemProxy */ = {
			isa = PBXContainerItemProxy;
			containerPortal = 454817861D2089E80007EFC7 /* Project object */;
			proxyType = 1;
			remoteGlobalIDString = 4548178D1D2089E80007EFC7;
			remoteInfo = Bounce;
		};
/* End PBXContainerItemProxy section */

/* Begin PBXFileReference section */
		4548178E1D2089E80007EFC7 /* Bounce.app */ = {isa = PBXFileReference; explicitFileType = wrapper.application; includeInIndex = 0; path = Bounce.app; sourceTree = BUILT_PRODUCTS_DIR; };
		454817911D2089E80007EFC7 /* AppDelegate.swift */ = {isa = PBXFileReference; lastKnownFileType = sourcecode.swift; path = AppDelegate.swift; sourceTree = "<group>"; };
		454817931D2089E80007EFC7 /* GameScene.sks */ = {isa = PBXFileReference; lastKnownFileType = file.sks; path = GameScene.sks; sourceTree = "<group>"; };
		454817951D2089E80007EFC7 /* GameScene.swift */ = {isa = PBXFileReference; lastKnownFileType = sourcecode.swift; path = GameScene.swift; sourceTree = "<group>"; };
		454817971D2089E80007EFC7 /* GameViewController.swift */ = {isa = PBXFileReference; lastKnownFileType = sourcecode.swift; path = GameViewController.swift; sourceTree = "<group>"; };
		4548179A1D2089E80007EFC7 /* Base */ = {isa = PBXFileReference; lastKnownFileType = file.storyboard; name = Base; path = Base.lproj/Main.storyboard; sourceTree = "<group>"; };
		4548179C1D2089E80007EFC7 /* Assets.xcassets */ = {isa = PBXFileReference; lastKnownFileType = folder.assetcatalog; path = Assets.xcassets; sourceTree = "<group>"; };
		4548179F1D2089E80007EFC7 /* Base */ = {isa = PBXFileReference; lastKnownFileType = file.storyboard; name = Base; path = Base.lproj/LaunchScreen.storyboard; sourceTree = "<group>"; };
		454817A11D2089E80007EFC7 /* Info.plist */ = {isa = PBXFileReference; lastKnownFileType = text.plist.xml; path = Info.plist; sourceTree = "<group>"; };
		454817A61D2089E80007EFC7 /* BounceTests.xctest */ = {isa = PBXFileReference; explicitFileType = wrapper.cfbundle; includeInIndex = 0; path = BounceTests.xctest; sourceTree = BUILT_PRODUCTS_DIR; };
		454817AA1D2089E80007EFC7 /* BounceTests.swift */ = {isa = PBXFileReference; lastKnownFileType = sourcecode.swift; path = BounceTests.swift; sourceTree = "<group>"; };
		454817AC1D2089E80007EFC7 /* Info.plist */ = {isa = PBXFileReference; lastKnownFileType = text.plist.xml; path = Info.plist; sourceTree = "<group>"; };
		454817B11D2089E80007EFC7 /* BounceUITests.xctest */ = {isa = PBXFileReference; explicitFileType = wrapper.cfbundle; includeInIndex = 0; path = BounceUITests.xctest; sourceTree = BUILT_PRODUCTS_DIR; };
		454817B51D2089E80007EFC7 /* BounceUITests.swift */ = {isa = PBXFileReference; lastKnownFileType = sourcecode.swift; path = BounceUITests.swift; sourceTree = "<group>"; };
		454817B71D2089E80007EFC7 /* Info.plist */ = {isa = PBXFileReference; lastKnownFileType = text.plist.xml; path = Info.plist; sourceTree = "<group>"; };
/* End PBXFileReference section */

/* Begin PBXFrameworksBuildPhase section */
		4548178B1D2089E80007EFC7 /* Frameworks */ = {
			isa = PBXFrameworksBuildPhase;
			buildActionMask = 2147483647;
			files = (
			);
			runOnlyForDeploymentPostprocessing = 0;
		};
		454817A31D2089E80007EFC7 /* Frameworks */ = {
			isa = PBXFrameworksBuildPhase;
			buildActionMask = 2147483647;
			files = (
			);
			runOnlyForDeploymentPostprocessing = 0;
		};
		454817AE1D2089E80007EFC7 /* Frameworks */ = {
			isa = PBXFrameworksBuildPhase;
			buildActionMask = 2147483647;
			files = (
			);
			runOnlyForDeploymentPostprocessing = 0;
		};
/* End PBXFrameworksBuildPhase section */

/* Begin PBXGroup section */
		454817851D2089E80007EFC7 = {
			isa = PBXGroup;
			children = (
				454817901D2089E80007EFC7 /* Bounce */,
				454817A91D2089E80007EFC7 /* BounceTests */,
				454817B41D2089E80007EFC7 /* BounceUITests */,
				4548178F1D2089E80007EFC7 /* Products */,
			);
			sourceTree = "<group>";
		};
		4548178F1D2089E80007EFC7 /* Products */ = {
			isa = PBXGroup;
			children = (
				4548178E1D2089E80007EFC7 /* Bounce.app */,
				454817A61D2089E80007EFC7 /* BounceTests.xctest */,
				454817B11D2089E80007EFC7 /* BounceUITests.xctest */,
			);
			name = Products;
			sourceTree = "<group>";
		};
		454817901D2089E80007EFC7 /* Bounce */ = {
			isa = PBXGroup;
			children = (
				454817911D2089E80007EFC7 /* AppDelegate.swift */,
				454817931D2089E80007EFC7 /* GameScene.sks */,
				454817951D2089E80007EFC7 /* GameScene.swift */,
				454817971D2089E80007EFC7 /* GameViewController.swift */,
				454817991D2089E80007EFC7 /* Main.storyboard */,
				4548179C1D2089E80007EFC7 /* Assets.xcassets */,
				4548179E1D2089E80007EFC7 /* LaunchScreen.storyboard */,
				454817A11D2089E80007EFC7 /* Info.plist */,
			);
			path = Bounce;
			sourceTree = "<group>";
		};
		454817A91D2089E80007EFC7 /* BounceTests */ = {
			isa = PBXGroup;
			children = (
				454817AA1D2089E80007EFC7 /* BounceTests.swift */,
				454817AC1D2089E80007EFC7 /* Info.plist */,
			);
			path = BounceTests;
			sourceTree = "<group>";
		};
		454817B41D2089E80007EFC7 /* BounceUITests */ = {
			isa = PBXGroup;
			children = (
				454817B51D2089E80007EFC7 /* BounceUITests.swift */,
				454817B71D2089E80007EFC7 /* Info.plist */,
			);
			path = BounceUITests;
			sourceTree = "<group>";
		};
/* End PBXGroup section */

/* Begin PBXNativeTarget section */
		4548178D1D2089E80007EFC7 /* Bounce */ = {
			isa = PBXNativeTarget;
			buildConfigurationList = 454817BA1D2089E80007EFC7 /* Build configuration list for PBXNativeTarget "Bounce" */;
			buildPhases = (
				4548178A1D2089E80007EFC7 /* Sources */,
				4548178B1D2089E80007EFC7 /* Frameworks */,
				4548178C1D2089E80007EFC7 /* Resources */,
			);
			buildRules = (
			);
			dependencies = (
			);
			name = Bounce;
			productName = Bounce;
			productReference = 4548178E1D2089E80007EFC7 /* Bounce.app */;
			productType = "com.apple.product-type.application";
		};
		454817A51D2089E80007EFC7 /* BounceTests */ = {
			isa = PBXNativeTarget;
			buildConfigurationList = 454817BD1D2089E80007EFC7 /* Build configuration list for PBXNativeTarget "BounceTests" */;
			buildPhases = (
				454817A21D2089E80007EFC7 /* Sources */,
				454817A31D2089E80007EFC7 /* Frameworks */,
				454817A41D2089E80007EFC7 /* Resources */,
			);
			buildRules = (
			);
			dependencies = (
				454817A81D2089E80007EFC7 /* PBXTargetDependency */,
			);
			name = BounceTests;
			productName = BounceTests;
			productReference = 454817A61D2089E80007EFC7 /* BounceTests.xctest */;
			productType = "com.apple.product-type.bundle.unit-test";
		};
		454817B01D2089E80007EFC7 /* BounceUITests */ = {
			isa = PBXNativeTarget;
			buildConfigurationList = 454817C01D2089E80007EFC7 /* Build configuration list for PBXNativeTarget "BounceUITests" */;
			buildPhases = (
				454817AD1D2089E80007EFC7 /* Sources */,
				454817AE1D2089E80007EFC7 /* Frameworks */,
				454817AF1D2089E80007EFC7 /* Resources */,
			);
			buildRules = (
			);
			dependencies = (
				454817B31D2089E80007EFC7 /* PBXTargetDependency */,
			);
			name = BounceUITests;
			productName = BounceUITests;
			productReference = 454817B11D2089E80007EFC7 /* BounceUITests.xctest */;
			productType = "com.apple.product-type.bundle.ui-testing";
		};
/* End PBXNativeTarget section */

/* Begin PBXProject section */
		454817861D2089E80007EFC7 /* Project object */ = {
			isa = PBXProject;
			attributes = {
				LastSwiftUpdateCheck = 0730;
				LastUpgradeCheck = 0730;
				ORGANIZATIONNAME = "Josh Greco";
				TargetAttributes = {
					4548178D1D2089E80007EFC7 = {
						CreatedOnToolsVersion = 7.3.1;
					};
					454817A51D2089E80007EFC7 = {
						CreatedOnToolsVersion = 7.3.1;
						TestTargetID = 4548178D1D2089E80007EFC7;
					};
					454817B01D2089E80007EFC7 = {
						CreatedOnToolsVersion = 7.3.1;
						TestTargetID = 4548178D1D2089E80007EFC7;
					};
				};
			};
			buildConfigurationList = 454817891D2089E80007EFC7 /* Build configuration list for PBXProject "Bounce" */;
			compatibilityVersion = "Xcode 3.2";
			developmentRegion = English;
			hasScannedForEncodings = 0;
			knownRegions = (
				en,
				Base,
			);
			mainGroup = 454817851D2089E80007EFC7;
			productRefGroup = 4548178F1D2089E80007EFC7 /* Products */;
			projectDirPath = "";
			projectRoot = "";
			targets = (
				4548178D1D2089E80007EFC7 /* Bounce */,
				454817A51D2089E80007EFC7 /* BounceTests */,
				454817B01D2089E80007EFC7 /* BounceUITests */,
			);
		};
/* End PBXProject section */

/* Begin PBXResourcesBuildPhase section */
		4548178C1D2089E80007EFC7 /* Resources */ = {
			isa = PBXResourcesBuildPhase;
			buildActionMask = 2147483647;
			files = (
				454817941D2089E80007EFC7 /* GameScene.sks in Resources */,
				454817A01D2089E80007EFC7 /* LaunchScreen.storyboard in Resources */,
				4548179D1D2089E80007EFC7 /* Assets.xcassets in Resources */,
				4548179B1D2089E80007EFC7 /* Main.storyboard in Resources */,
			);
			runOnlyForDeploymentPostprocessing = 0;
		};
		454817A41D2089E80007EFC7 /* Resources */ = {
			isa = PBXResourcesBuildPhase;
			buildActionMask = 2147483647;
			files = (
			);
			runOnlyForDeploymentPostprocessing = 0;
		};
		454817AF1D2089E80007EFC7 /* Resources */ = {
			isa = PBXResourcesBuildPhase;
			buildActionMask = 2147483647;
			files = (
			);
			runOnlyForDeploymentPostprocessing = 0;
		};
/* End PBXResourcesBuildPhase section */

/* Begin PBXSourcesBuildPhase section */
		4548178A1D2089E80007EFC7 /* Sources */ = {
			isa = PBXSourcesBuildPhase;
			buildActionMask = 2147483647;
			files = (
				454817961D2089E80007EFC7 /* GameScene.swift in Sources */,
				454817981D2089E80007EFC7 /* GameViewController.swift in Sources */,
				454817921D2089E80007EFC7 /* AppDelegate.swift in Sources */,
			);
			runOnlyForDeploymentPostprocessing = 0;
		};
		454817A21D2089E80007EFC7 /* Sources */ = {
			isa = PBXSourcesBuildPhase;
			buildActionMask = 2147483647;
			files = (
				454817AB1D2089E80007EFC7 /* BounceTests.swift in Sources */,
			);
			runOnlyForDeploymentPostprocessing = 0;
		};
		454817AD1D2089E80007EFC7 /* Sources */ = {
			isa = PBXSourcesBuildPhase;
			buildActionMask = 2147483647;
			files = (
				454817B61D2089E80007EFC7 /* BounceUITests.swift in Sources */,
			);
			runOnlyForDeploymentPostprocessing = 0;
		};
/* End PBXSourcesBuildPhase section */

/* Begin PBXTargetDependency section */
		454817A81D2089E80007EFC7 /* PBXTargetDependency */ = {
			isa = PBXTargetDependency;
			target = 4548178D1D2089E80007EFC7 /* Bounce */;
			targetProxy = 454817A71D2089E80007EFC7 /* PBXContainerItemProxy */;
		};
		454817B31D2089E80007EFC7 /* PBXTargetDependency */ = {
			isa = PBXTargetDependency;
			target = 4548178D1D2089E80007EFC7 /* Bounce */;
			targetProxy = 454817B21D2089E80007EFC7 /* PBXContainerItemProxy */;
		};
/* End PBXTargetDependency section */

/* Begin PBXVariantGroup section */
		454817991D2089E80007EFC7 /* Main.storyboard */ = {
			isa = PBXVariantGroup;
			children = (
				4548179A1D2089E80007EFC7 /* Base */,
			);
			name = Main.storyboard;
			sourceTree = "<group>";
		};
		4548179E1D2089E80007EFC7 /* LaunchScreen.storyboard */ = {
			isa = PBXVariantGroup;
			children = (
				4548179F1D2089E80007EFC7 /* Base */,
			);
			name = LaunchScreen.storyboard;
			sourceTree = "<group>";
		};
/* End PBXVariantGroup section */

/* Begin XCBuildConfiguration section */
		454817B81D2089E80007EFC7 /* Debug */ = {
			isa = XCBuildConfiguration;
			buildSettings = {
				ALWAYS_SEARCH_USER_PATHS = NO;
				CLANG_ANALYZER_NONNULL = YES;
				CLANG_CXX_LANGUAGE_STANDARD = "gnu++0x";
				CLANG_CXX_LIBRARY = "libc++";
				CLANG_ENABLE_MODULES = YES;
				CLANG_ENABLE_OBJC_ARC = YES;
				CLANG_WARN_BOOL_CONVERSION = YES;
				CLANG_WARN_CONSTANT_CONVERSION = YES;
				CLANG_WARN_DIRECT_OBJC_ISA_USAGE = YES_ERROR;
				CLANG_WARN_EMPTY_BODY = YES;
				CLANG_WARN_ENUM_CONVERSION = YES;
				CLANG_WARN_INT_CONVERSION = YES;
				CLANG_WARN_OBJC_ROOT_CLASS = YES_ERROR;
				CLANG_WARN_UNREACHABLE_CODE = YES;
				CLANG_WARN__DUPLICATE_METHOD_MATCH = YES;
				"CODE_SIGN_IDENTITY[sdk=iphoneos*]" = "iPhone Developer";
				COPY_PHASE_STRIP = NO;
				DEBUG_INFORMATION_FORMAT = "dwarf-with-dsym";
				ENABLE_STRICT_OBJC_MSGSEND = YES;
				ENABLE_TESTABILITY = YES;
				GCC_C_LANGUAGE_STANDARD = gnu99;
				GCC_DYNAMIC_NO_PIC = NO;
				GCC_NO_COMMON_BLOCKS = YES;
				GCC_OPTIMIZATION_LEVEL = 0;
				GCC_PREPROCESSOR_DEFINITIONS = (
					"DEBUG=1",
					"$(inherited)",
				);
				GCC_WARN_64_TO_32_BIT_CONVERSION = YES;
				GCC_WARN_ABOUT_RETURN_TYPE = YES_ERROR;
				GCC_WARN_UNDECLARED_SELECTOR = YES;
				GCC_WARN_UNINITIALIZED_AUTOS = YES_AGGRESSIVE;
				GCC_WARN_UNUSED_FUNCTION = YES;
				GCC_WARN_UNUSED_VARIABLE = YES;
				IPHONEOS_DEPLOYMENT_TARGET = 9.3;
				MTL_ENABLE_DEBUG_INFO = YES;
				ONLY_ACTIVE_ARCH = YES;
				SDKROOT = iphoneos;
				SWIFT_OPTIMIZATION_LEVEL = "-Onone";
			};
			name = Debug;
		};
		454817B91D2089E80007EFC7 /* Release */ = {
			isa = XCBuildConfiguration;
			buildSettings = {
				ALWAYS_SEARCH_USER_PATHS = NO;
				CLANG_ANALYZER_NONNULL = YES;
				CLANG_CXX_LANGUAGE_STANDARD = "gnu++0x";
				CLANG_CXX_LIBRARY = "libc++";
				CLANG_ENABLE_MODULES = YES;
				CLANG_ENABLE_OBJC_ARC = YES;
				CLANG_WARN_BOOL_CONVERSION = YES;
				CLANG_WARN_CONSTANT_CONVERSION = YES;
				CLANG_WARN_DIRECT_OBJC_ISA_USAGE = YES_ERROR;
				CLANG_WARN_EMPTY_BODY = YES;
				CLANG_WARN_ENUM_CONVERSION = YES;
				CLANG_WARN_INT_CONVERSION = YES;
				CLANG_WARN_OBJC_ROOT_CLASS = YES_ERROR;
				CLANG_WARN_UNREACHABLE_CODE = YES;
				CLANG_WARN__DUPLICATE_METHOD_MATCH = YES;
				"CODE_SIGN_IDENTITY[sdk=iphoneos*]" = "iPhone Developer";
				COPY_PHASE_STRIP = NO;
				DEBUG_INFORMATION_FORMAT = "dwarf-with-dsym";
				ENABLE_NS_ASSERTIONS = NO;
				ENABLE_STRICT_OBJC_MSGSEND = YES;
				GCC_C_LANGUAGE_STANDARD = gnu99;
				GCC_NO_COMMON_BLOCKS = YES;
				GCC_WARN_64_TO_32_BIT_CONVERSION = YES;
				GCC_WARN_ABOUT_RETURN_TYPE = YES_ERROR;
				GCC_WARN_UNDECLARED_SELECTOR = YES;
				GCC_WARN_UNINITIALIZED_AUTOS = YES_AGGRESSIVE;
				GCC_WARN_UNUSED_FUNCTION = YES;
				GCC_WARN_UNUSED_VARIABLE = YES;
				IPHONEOS_DEPLOYMENT_TARGET = 9.3;
				MTL_ENABLE_DEBUG_INFO = NO;
				SDKROOT = iphoneos;
				VALIDATE_PRODUCT = YES;
			};
			name = Release;
		};
		454817BB1D2089E80007EFC7 /* Debug */ = {
			isa = XCBuildConfiguration;
			buildSettings = {
				ASSETCATALOG_COMPILER_APPICON_NAME = AppIcon;
				INFOPLIST_FILE = Bounce/Info.plist;
				LD_RUNPATH_SEARCH_PATHS = "$(inherited) @executable_path/Frameworks";
				PRODUCT_BUNDLE_IDENTIFIER = greco.joshua.Bounce;
				PRODUCT_NAME = "$(TARGET_NAME)";
			};
			name = Debug;
		};
		454817BC1D2089E80007EFC7 /* Release */ = {
			isa = XCBuildConfiguration;
			buildSettings = {
				ASSETCATALOG_COMPILER_APPICON_NAME = AppIcon;
				INFOPLIST_FILE = Bounce/Info.plist;
				LD_RUNPATH_SEARCH_PATHS = "$(inherited) @executable_path/Frameworks";
				PRODUCT_BUNDLE_IDENTIFIER = greco.joshua.Bounce;
				PRODUCT_NAME = "$(TARGET_NAME)";
			};
			name = Release;
		};
		454817BE1D2089E80007EFC7 /* Debug */ = {
			isa = XCBuildConfiguration;
			buildSettings = {
				BUNDLE_LOADER = "$(TEST_HOST)";
				DEBUG_INFORMATION_FORMAT = dwarf;
				INFOPLIST_FILE = BounceTests/Info.plist;
				LD_RUNPATH_SEARCH_PATHS = "$(inherited) @executable_path/Frameworks @loader_path/Frameworks";
				PRODUCT_BUNDLE_IDENTIFIER = greco.joshua.BounceTests;
				PRODUCT_NAME = "$(TARGET_NAME)";
				TEST_HOST = "$(BUILT_PRODUCTS_DIR)/Bounce.app/Bounce";
			};
			name = Debug;
		};
		454817BF1D2089E80007EFC7 /* Release */ = {
			isa = XCBuildConfiguration;
			buildSettings = {
				BUNDLE_LOADER = "$(TEST_HOST)";
				INFOPLIST_FILE = BounceTests/Info.plist;
				LD_RUNPATH_SEARCH_PATHS = "$(inherited) @executable_path/Frameworks @loader_path/Frameworks";
				PRODUCT_BUNDLE_IDENTIFIER = greco.joshua.BounceTests;
				PRODUCT_NAME = "$(TARGET_NAME)";
				TEST_HOST = "$(BUILT_PRODUCTS_DIR)/Bounce.app/Bounce";
			};
			name = Release;
		};
		454817C11D2089E80007EFC7 /* Debug */ = {
			isa = XCBuildConfiguration;
			buildSettings = {
				DEBUG_INFORMATION_FORMAT = dwarf;
				INFOPLIST_FILE = BounceUITests/Info.plist;
				LD_RUNPATH_SEARCH_PATHS = "$(inherited) @executable_path/Frameworks @loader_path/Frameworks";
				PRODUCT_BUNDLE_IDENTIFIER = greco.joshua.BounceUITests;
				PRODUCT_NAME = "$(TARGET_NAME)";
				TEST_TARGET_NAME = Bounce;
			};
			name = Debug;
		};
		454817C21D2089E80007EFC7 /* Release */ = {
			isa = XCBuildConfiguration;
			buildSettings = {
				INFOPLIST_FILE = BounceUITests/Info.plist;
				LD_RUNPATH_SEARCH_PATHS = "$(inherited) @executable_path/Frameworks @loader_path/Frameworks";
				PRODUCT_BUNDLE_IDENTIFIER = greco.joshua.BounceUITests;
				PRODUCT_NAME = "$(TARGET_NAME)";
				TEST_TARGET_NAME = Bounce;
			};
			name = Release;
		};
/* End XCBuildConfiguration section */

/* Begin XCConfigurationList section */
		454817891D2089E80007EFC7 /* Build configuration list for PBXProject "Bounce" */ = {
			isa = XCConfigurationList;
			buildConfigurations = (
				454817B81D2089E80007EFC7 /* Debug */,
				454817B91D2089E80007EFC7 /* Release */,
			);
			defaultConfigurationIsVisible = 0;
			defaultConfigurationName = Release;
		};
		454817BA1D2089E80007EFC7 /* Build configuration list for PBXNativeTarget "Bounce" */ = {
			isa = XCConfigurationList;
			buildConfigurations = (
				454817BB1D2089E80007EFC7 /* Debug */,
				454817BC1D2089E80007EFC7 /* Release */,
			);
			defaultConfigurationIsVisible = 0;
		};
		454817BD1D2089E80007EFC7 /* Build configuration list for PBXNativeTarget "BounceTests" */ = {
			isa = XCConfigurationList;
			buildConfigurations = (
				454817BE1D2089E80007EFC7 /* Debug */,
				454817BF1D2089E80007EFC7 /* Release */,
			);
			defaultConfigurationIsVisible = 0;
		};
		454817C01D2089E80007EFC7 /* Build configuration list for PBXNativeTarget "BounceUITests" */ = {
			isa = XCConfigurationList;
			buildConfigurations = (
				454817C11D2089E80007EFC7 /* Debug */,
				454817C21D2089E80007EFC7 /* Release */,
			);
			defaultConfigurationIsVisible = 0;
		};
/* End XCConfigurationList section */
	};
	rootObject = 454817861D2089E80007EFC7 /* Project object */;
}
